// !$*UTF8*$!
{
	archiveVersion = 1;
	classes = {
	};
	objectVersion = 46;
	objects = {

/* Begin PBXBuildFile section */
		E2BBD7261D9445BD00C1323A /* AppDelegate.swift in Sources */ = {isa = PBXBuildFile; fileRef = E2BBD7251D9445BD00C1323A /* AppDelegate.swift */; };
		E2BBD7281D9445BD00C1323A /* ViewController.swift in Sources */ = {isa = PBXBuildFile; fileRef = E2BBD7271D9445BD00C1323A /* ViewController.swift */; };
		E2BBD72B1D9445BD00C1323A /* Main.storyboard in Resources */ = {isa = PBXBuildFile; fileRef = E2BBD7291D9445BD00C1323A /* Main.storyboard */; };
		E2BBD72D1D9445BD00C1323A /* Assets.xcassets in Resources */ = {isa = PBXBuildFile; fileRef = E2BBD72C1D9445BD00C1323A /* Assets.xcassets */; };
		E2BBD7301D9445BD00C1323A /* LaunchScreen.storyboard in Resources */ = {isa = PBXBuildFile; fileRef = E2BBD72E1D9445BD00C1323A /* LaunchScreen.storyboard */; };
/* End PBXBuildFile section */

/* Begin PBXFileReference section */
		E2BBD7221D9445BD00C1323A /* tipCalculator.app */ = {isa = PBXFileReference; explicitFileType = wrapper.application; includeInIndex = 0; path = tipCalculator.app; sourceTree = BUILT_PRODUCTS_DIR; };
		E2BBD7251D9445BD00C1323A /* AppDelegate.swift */ = {isa = PBXFileReference; lastKnownFileType = sourcecode.swift; path = AppDelegate.swift; sourceTree = "<group>"; };
		E2BBD7271D9445BD00C1323A /* ViewController.swift */ = {isa = PBXFileReference; lastKnownFileType = sourcecode.swift; path = ViewController.swift; sourceTree = "<group>"; };
		E2BBD72A1D9445BD00C1323A /* Base */ = {isa = PBXFileReference; lastKnownFileType = file.storyboard; name = Base; path = Base.lproj/Main.storyboard; sourceTree = "<group>"; };
		E2BBD72C1D9445BD00C1323A /* Assets.xcassets */ = {isa = PBXFileReference; lastKnownFileType = folder.assetcatalog; path = Assets.xcassets; sourceTree = "<group>"; };
		E2BBD72F1D9445BD00C1323A /* Base */ = {isa = PBXFileReference; lastKnownFileType = file.storyboard; name = Base; path = Base.lproj/LaunchScreen.storyboard; sourceTree = "<group>"; };
		E2BBD7311D9445BD00C1323A /* Info.plist */ = {isa = PBXFileReference; lastKnownFileType = text.plist.xml; path = Info.plist; sourceTree = "<group>"; };
/* End PBXFileReference section */

/* Begin PBXFrameworksBuildPhase section */
		E2BBD71F1D9445BD00C1323A /* Frameworks */ = {
			isa = PBXFrameworksBuildPhase;
			buildActionMask = 2147483647;
			files = (
			);
			runOnlyForDeploymentPostprocessing = 0;
		};
/* End PBXFrameworksBuildPhase section */

/* Begin PBXGroup section */
		E2BBD7191D9445BD00C1323A = {
			isa = PBXGroup;
			children = (
				E2BBD7241D9445BD00C1323A /* tipCalculator */,
				E2BBD7231D9445BD00C1323A /* Products */,
			);
			sourceTree = "<group>";
		};
		E2BBD7231D9445BD00C1323A /* Products */ = {
			isa = PBXGroup;
			children = (
				E2BBD7221D9445BD00C1323A /* tipCalculator.app */,
			);
			name = Products;
			sourceTree = "<group>";
		};
		E2BBD7241D9445BD00C1323A /* tipCalculator */ = {
			isa = PBXGroup;
			children = (
				E2BBD7251D9445BD00C1323A /* AppDelegate.swift */,
				E2BBD7271D9445BD00C1323A /* ViewController.swift */,
				E2BBD7291D9445BD00C1323A /* Main.storyboard */,
				E2BBD72C1D9445BD00C1323A /* Assets.xcassets */,
				E2BBD72E1D9445BD00C1323A /* LaunchScreen.storyboard */,
				E2BBD7311D9445BD00C1323A /* Info.plist */,
			);
			path = tipCalculator;
			sourceTree = "<group>";
		};
/* End PBXGroup section */

/* Begin PBXNativeTarget section */
		E2BBD7211D9445BD00C1323A /* tipCalculator */ = {
			isa = PBXNativeTarget;
			buildConfigurationList = E2BBD7341D9445BD00C1323A /* Build configuration list for PBXNativeTarget "tipCalculator" */;
			buildPhases = (
				E2BBD71E1D9445BD00C1323A /* Sources */,
				E2BBD71F1D9445BD00C1323A /* Frameworks */,
				E2BBD7201D9445BD00C1323A /* Resources */,
			);
			buildRules = (
			);
			dependencies = (
			);
			name = tipCalculator;
			productName = tipCalculator;
			productReference = E2BBD7221D9445BD00C1323A /* tipCalculator.app */;
			productType = "com.apple.product-type.application";
		};
/* End PBXNativeTarget section */

/* Begin PBXProject section */
		E2BBD71A1D9445BD00C1323A /* Project object */ = {
			isa = PBXProject;
			attributes = {
				LastSwiftUpdateCheck = 0730;
				LastUpgradeCheck = 0730;
				ORGANIZATIONNAME = Shubham;
				TargetAttributes = {
					E2BBD7211D9445BD00C1323A = {
						CreatedOnToolsVersion = 7.3.1;
					};
				};
			};
			buildConfigurationList = E2BBD71D1D9445BD00C1323A /* Build configuration list for PBXProject "tipCalculator" */;
			compatibilityVersion = "Xcode 3.2";
			developmentRegion = English;
			hasScannedForEncodings = 0;
			knownRegions = (
				en,
				Base,
			);
			mainGroup = E2BBD7191D9445BD00C1323A;
			productRefGroup = E2BBD7231D9445BD00C1323A /* Products */;
			projectDirPath = "";
			projectRoot = "";
			targets = (
				E2BBD7211D9445BD00C1323A /* tipCalculator */,
			);
		};
/* End PBXProject section */

/* Begin PBXResourcesBuildPhase section */
		E2BBD7201D9445BD00C1323A /* Resources */ = {
			isa = PBXResourcesBuildPhase;
			buildActionMask = 2147483647;
			files = (
				E2BBD7301D9445BD00C1323A /* LaunchScreen.storyboard in Resources */,
				E2BBD72D1D9445BD00C1323A /* Assets.xcassets in Resources */,
				E2BBD72B1D9445BD00C1323A /* Main.storyboard in Resources */,
			);
			runOnlyForDeploymentPostprocessing = 0;
		};
/* End PBXResourcesBuildPhase section */

/* Begin PBXSourcesBuildPhase section */
		E2BBD71E1D9445BD00C1323A /* Sources */ = {
			isa = PBXSourcesBuildPhase;
			buildActionMask = 2147483647;
			files = (
				E2BBD7281D9445BD00C1323A /* ViewController.swift in Sources */,
				E2BBD7261D9445BD00C1323A /* AppDelegate.swift in Sources */,
			);
			runOnlyForDeploymentPostprocessing = 0;
		};
/* End PBXSourcesBuildPhase section */

/* Begin PBXVariantGroup section */
		E2BBD7291D9445BD00C1323A /* Main.storyboard */ = {
			isa = PBXVariantGroup;
			children = (
				E2BBD72A1D9445BD00C1323A /* Base */,
			);
			name = Main.storyboard;
			sourceTree = "<group>";
		};
		E2BBD72E1D9445BD00C1323A /* LaunchScreen.storyboard */ = {
			isa = PBXVariantGroup;
			children = (
				E2BBD72F1D9445BD00C1323A /* Base */,
			);
			name = LaunchScreen.storyboard;
			sourceTree = "<group>";
		};
/* End PBXVariantGroup section */

/* Begin XCBuildConfiguration section */
		E2BBD7321D9445BD00C1323A /* Debug */ = {
			isa = XCBuildConfiguration;
			buildSettings = {
				ALWAYS_SEARCH_USER_PATHS = NO;
				CLANG_ANALYZER_NONNULL = YES;
				CLANG_CXX_LANGUAGE_STANDARD = "gnu++0x";
				CLANG_CXX_LIBRARY = "libc++";
				CLANG_ENABLE_MODULES = YES;
				CLANG_ENABLE_OBJC_ARC = YES;
				CLANG_WARN_BOOL_CONVERSION = YES;
				CLANG_WARN_CONSTANT_CONVERSION = YES;
				CLANG_WARN_DIRECT_OBJC_ISA_USAGE = YES_ERROR;
				CLANG_WARN_EMPTY_BODY = YES;
				CLANG_WARN_ENUM_CONVERSION = YES;
				CLANG_WARN_INT_CONVERSION = YES;
				CLANG_WARN_OBJC_ROOT_CLASS = YES_ERROR;
				CLANG_WARN_UNREACHABLE_CODE = YES;
				CLANG_WARN__DUPLICATE_METHOD_MATCH = YES;
				"CODE_SIGN_IDENTITY[sdk=iphoneos*]" = "iPhone Developer";
				COPY_PHASE_STRIP = NO;
				DEBUG_INFORMATION_FORMAT = dwarf;
				ENABLE_STRICT_OBJC_MSGSEND = YES;
				ENABLE_TESTABILITY = YES;
				GCC_C_LANGUAGE_STANDARD = gnu99;
				GCC_DYNAMIC_NO_PIC = NO;
				GCC_NO_COMMON_BLOCKS = YES;
				GCC_OPTIMIZATION_LEVEL = 0;
				GCC_PREPROCESSOR_DEFINITIONS = (
					"DEBUG=1",
					"$(inherited)",
				);
				GCC_WARN_64_TO_32_BIT_CONVERSION = YES;
				GCC_WARN_ABOUT_RETURN_TYPE = YES_ERROR;
				GCC_WARN_UNDECLARED_SELECTOR = YES;
				GCC_WARN_UNINITIALIZED_AUTOS = YES_AGGRESSIVE;
				GCC_WARN_UNUSED_FUNCTION = YES;
				GCC_WARN_UNUSED_VARIABLE = YES;
				IPHONEOS_DEPLOYMENT_TARGET = 9.3;
				MTL_ENABLE_DEBUG_INFO = YES;
				ONLY_ACTIVE_ARCH = YES;
				SDKROOT = iphoneos;
				SWIFT_OPTIMIZATION_LEVEL = "-Onone";
			};
			name = Debug;
		};
		E2BBD7331D9445BD00C1323A /* Release */ = {
			isa = XCBuildConfiguration;
			buildSettings = {
				ALWAYS_SEARCH_USER_PATHS = NO;
				CLANG_ANALYZER_NONNULL = YES;
				CLANG_CXX_LANGUAGE_STANDARD = "gnu++0x";
				CLANG_CXX_LIBRARY = "libc++";
				CLANG_ENABLE_MODULES = YES;
				CLANG_ENABLE_OBJC_ARC = YES;
				CLANG_WARN_BOOL_CONVERSION = YES;
				CLANG_WARN_CONSTANT_CONVERSION = YES;
				CLANG_WARN_DIRECT_OBJC_ISA_USAGE = YES_ERROR;
				CLANG_WARN_EMPTY_BODY = YES;
				CLANG_WARN_ENUM_CONVERSION = YES;
				CLANG_WARN_INT_CONVERSION = YES;
				CLANG_WARN_OBJC_ROOT_CLASS = YES_ERROR;
				CLANG_WARN_UNREACHABLE_CODE = YES;
				CLANG_WARN__DUPLICATE_METHOD_MATCH = YES;
				"CODE_SIGN_IDENTITY[sdk=iphoneos*]" = "iPhone Developer";
				COPY_PHASE_STRIP = NO;
				DEBUG_INFORMATION_FORMAT = "dwarf-with-dsym";
				ENABLE_NS_ASSERTIONS = NO;
				ENABLE_STRICT_OBJC_MSGSEND = YES;
				GCC_C_LANGUAGE_STANDARD = gnu99;
				GCC_NO_COMMON_BLOCKS = YES;
				GCC_WARN_64_TO_32_BIT_CONVERSION = YES;
				GCC_WARN_ABOUT_RETURN_TYPE = YES_ERROR;
				GCC_WARN_UNDECLARED_SELECTOR = YES;
				GCC_WARN_UNINITIALIZED_AUTOS = YES_AGGRESSIVE;
				GCC_WARN_UNUSED_FUNCTION = YES;
				GCC_WARN_UNUSED_VARIABLE = YES;
				IPHONEOS_DEPLOYMENT_TARGET = 9.3;
				MTL_ENABLE_DEBUG_INFO = NO;
				SDKROOT = iphoneos;
				VALIDATE_PRODUCT = YES;
			};
			name = Release;
		};
		E2BBD7351D9445BD00C1323A /* Debug */ = {
			isa = XCBuildConfiguration;
			buildSettings = {
				ASSETCATALOG_COMPILER_APPICON_NAME = AppIcon;
				INFOPLIST_FILE = tipCalculator/Info.plist;
				LD_RUNPATH_SEARCH_PATHS = "$(inherited) @executable_path/Frameworks";
				PRODUCT_BUNDLE_IDENTIFIER = com.Shubham.tipCalculator;
				PRODUCT_NAME = "$(TARGET_NAME)";
			};
			name = Debug;
		};
		E2BBD7361D9445BD00C1323A /* Release */ = {
			isa = XCBuildConfiguration;
			buildSettings = {
				ASSETCATALOG_COMPILER_APPICON_NAME = AppIcon;
				INFOPLIST_FILE = tipCalculator/Info.plist;
				LD_RUNPATH_SEARCH_PATHS = "$(inherited) @executable_path/Frameworks";
				PRODUCT_BUNDLE_IDENTIFIER = com.Shubham.tipCalculator;
				PRODUCT_NAME = "$(TARGET_NAME)";
			};
			name = Release;
		};
/* End XCBuildConfiguration section */

/* Begin XCConfigurationList section */
		E2BBD71D1D9445BD00C1323A /* Build configuration list for PBXProject "tipCalculator" */ = {
			isa = XCConfigurationList;
			buildConfigurations = (
				E2BBD7321D9445BD00C1323A /* Debug */,
				E2BBD7331D9445BD00C1323A /* Release */,
			);
			defaultConfigurationIsVisible = 0;
			defaultConfigurationName = Release;
		};
		E2BBD7341D9445BD00C1323A /* Build configuration list for PBXNativeTarget "tipCalculator" */ = {
			isa = XCConfigurationList;
			buildConfigurations = (
				E2BBD7351D9445BD00C1323A /* Debug */,
				E2BBD7361D9445BD00C1323A /* Release */,
			);
			defaultConfigurationIsVisible = 0;
		};
/* End XCConfigurationList section */
	};
	rootObject = E2BBD71A1D9445BD00C1323A /* Project object */;
}
